
Microsoft Visual Studio Solution File, Format Version 12.00
# Visual Studio 15
VisualStudioVersion = 15.0.27703.2000
MinimumVisualStudioVersion = 10.0.40219.1
Project("{FAE04EC0-301F-11D3-BF4B-00C04F79EFBC}") = "LuckyNumbers", "LuckyNumbers\LuckyNumbers.csproj", "{BE59BC87-C295-4721-8C5D-D2396F5711CF}"
EndProject
Global
	GlobalSection(SolutionConfigurationPlatforms) = preSolution
		Debug|Any CPU = Debug|Any CPU
		Release|Any CPU = Release|Any CPU
	EndGlobalSection
	GlobalSection(ProjectConfigurationPlatforms) = postSolution
		{BE59BC87-C295-4721-8C5D-D2396F5711CF}.Debug|Any CPU.ActiveCfg = Debug|Any CPU
		{BE59BC87-C295-4721-8C5D-D2396F5711CF}.Debug|Any CPU.Build.0 = Debug|Any CPU
		{BE59BC87-C295-4721-8C5D-D2396F5711CF}.Release|Any CPU.ActiveCfg = Release|Any CPU
		{BE59BC87-C295-4721-8C5D-D2396F5711CF}.Release|Any CPU.Build.0 = Release|Any CPU
	EndGlobalSection
	GlobalSection(SolutionProperties) = preSolution
		HideSolutionNode = FALSE
	EndGlobalSection
	GlobalSection(ExtensibilityGlobals) = postSolution
		SolutionGuid = {B5BD9738-44C7-4234-B1BF-422AF73AB632}
	EndGlobalSection
EndGlobal
